
Microsoft Visual Studio Solution File, Format Version 12.00
# Visual Studio 15
VisualStudioVersion = 15.0.28010.2016
MinimumVisualStudioVersion = 10.0.40219.1
Project("{FAE04EC0-301F-11D3-BF4B-00C04F79EFBC}") = "BackendMultiplica", "BackendMultiplica\BackendMultiplica.csproj", "{C41DA3A2-79A3-41E7-B6EA-4B740D831178}"
EndProject
Global
	GlobalSection(SolutionConfigurationPlatforms) = preSolution
		Debug|Any CPU = Debug|Any CPU
		Release|Any CPU = Release|Any CPU
	EndGlobalSection
	GlobalSection(ProjectConfigurationPlatforms) = postSolution
		{C41DA3A2-79A3-41E7-B6EA-4B740D831178}.Debug|Any CPU.ActiveCfg = Debug|Any CPU
		{C41DA3A2-79A3-41E7-B6EA-4B740D831178}.Debug|Any CPU.Build.0 = Debug|Any CPU
		{C41DA3A2-79A3-41E7-B6EA-4B740D831178}.Release|Any CPU.ActiveCfg = Release|Any CPU
		{C41DA3A2-79A3-41E7-B6EA-4B740D831178}.Release|Any CPU.Build.0 = Release|Any CPU
	EndGlobalSection
	GlobalSection(SolutionProperties) = preSolution
		HideSolutionNode = FALSE
	EndGlobalSection
	GlobalSection(ExtensibilityGlobals) = postSolution
		SolutionGuid = {14310002-B997-40AF-9ECE-A8538B36E340}
	EndGlobalSection
EndGlobal
